// !$*UTF8*$!
{
	archiveVersion = 1;
	classes = {
	};
	objectVersion = 46;
	objects = {

/* Begin PBXBuildFile section */
		4FAF16DE29D05F9C737FAB9E /* libPods.a in Frameworks */ = {isa = PBXBuildFile; fileRef = 421CB365677CCA81C7469684 /* libPods.a */; };
		711848F91BDDCF3100EB8382 /* BaseNavigationController.m in Sources */ = {isa = PBXBuildFile; fileRef = 711848F81BDDCF3100EB8382 /* BaseNavigationController.m */; };
		71221B391BF2ED1A0040BF2C /* HFStretchableTableHeaderView.m in Sources */ = {isa = PBXBuildFile; fileRef = 71221B361BF2ED1A0040BF2C /* HFStretchableTableHeaderView.m */; };
		71221B3A1BF2ED1A0040BF2C /* SlideDeleteCell.m in Sources */ = {isa = PBXBuildFile; fileRef = 71221B381BF2ED1A0040BF2C /* SlideDeleteCell.m */; };
		7124781E1BE3523D00FCC74A /* XHPaggingNavbar.m in Sources */ = {isa = PBXBuildFile; fileRef = 7124781B1BE3523D00FCC74A /* XHPaggingNavbar.m */; };
		7124781F1BE3523D00FCC74A /* XHTwitterPaggingViewer.m in Sources */ = {isa = PBXBuildFile; fileRef = 7124781D1BE3523D00FCC74A /* XHTwitterPaggingViewer.m */; };
		715043A91BEB07C700C00170 /* libSmtaranSDK.a in Frameworks */ = {isa = PBXBuildFile; fileRef = 715043A11BEB07C700C00170 /* libSmtaranSDK.a */; };
		715043AA1BEB07C700C00170 /* SmtaranSplashAd.m in Sources */ = {isa = PBXBuildFile; fileRef = 715043A81BEB07C700C00170 /* SmtaranSplashAd.m */; };
		715043AC1BEB07F300C00170 /* StoreKit.framework in Frameworks */ = {isa = PBXBuildFile; fileRef = 715043AB1BEB07F300C00170 /* StoreKit.framework */; };
		715043AE1BEB07FB00C00170 /* JavaScriptCore.framework in Frameworks */ = {isa = PBXBuildFile; fileRef = 715043AD1BEB07FB00C00170 /* JavaScriptCore.framework */; };
		715043B01BEB080300C00170 /* CoreTelephony.framework in Frameworks */ = {isa = PBXBuildFile; fileRef = 715043AF1BEB080300C00170 /* CoreTelephony.framework */; };
		715043B21BEB080900C00170 /* AdSupport.framework in Frameworks */ = {isa = PBXBuildFile; fileRef = 715043B11BEB080900C00170 /* AdSupport.framework */; };
		715043B41BEB081100C00170 /* CoreLocation.framework in Frameworks */ = {isa = PBXBuildFile; fileRef = 715043B31BEB081100C00170 /* CoreLocation.framework */; };
		715043B61BEB081C00C00170 /* SystemConfiguration.framework in Frameworks */ = {isa = PBXBuildFile; fileRef = 715043B51BEB081C00C00170 /* SystemConfiguration.framework */; };
		715043D11BEB31A800C00170 /* SongModel.xcdatamodeld in Sources */ = {isa = PBXBuildFile; fileRef = 715043CF1BEB31A800C00170 /* SongModel.xcdatamodeld */; };
		715043DB1BEB40F300C00170 /* DownloadManager.m in Sources */ = {isa = PBXBuildFile; fileRef = 715043DA1BEB40F300C00170 /* DownloadManager.m */; };
		715043F61BEB48F600C00170 /* DownloadModel+CoreDataProperties.m in Sources */ = {isa = PBXBuildFile; fileRef = 715043F31BEB48F600C00170 /* DownloadModel+CoreDataProperties.m */; };
		715043F71BEB48F600C00170 /* DownloadModel.m in Sources */ = {isa = PBXBuildFile; fileRef = 715043F51BEB48F600C00170 /* DownloadModel.m */; };
		71CB4AB51BD77B6900F30D10 /* AboutViewController.m in Sources */ = {isa = PBXBuildFile; fileRef = 71CB4AB41BD77B6900F30D10 /* AboutViewController.m */; };
		71D8F9AA1BD4A1A90092C0A0 /* RecommendSongListViewController.m in Sources */ = {isa = PBXBuildFile; fileRef = 71D8F9A91BD4A1A90092C0A0 /* RecommendSongListViewController.m */; };
		71D8F9AD1BD4A90B0092C0A0 /* PlayView.m in Sources */ = {isa = PBXBuildFile; fileRef = 71D8F9AC1BD4A90B0092C0A0 /* PlayView.m */; };
		71F05DD61BE75F0400DF7304 /* RecommendTableViewCell.m in Sources */ = {isa = PBXBuildFile; fileRef = 71F05DD51BE75F0400DF7304 /* RecommendTableViewCell.m */; };
		71F05DD91BE7659400DF7304 /* ClassViewController.m in Sources */ = {isa = PBXBuildFile; fileRef = 71F05DD81BE7659400DF7304 /* ClassViewController.m */; };
		71F05E081BE8923700DF7304 /* AlbumViewController.m in Sources */ = {isa = PBXBuildFile; fileRef = 71F05E071BE8923700DF7304 /* AlbumViewController.m */; };
		71F05E211BE8A10600DF7304 /* AlbumListViewController.m in Sources */ = {isa = PBXBuildFile; fileRef = 71F05E201BE8A10600DF7304 /* AlbumListViewController.m */; };
		71FF42991BEC5016006CADF1 /* BABAudioItem.m in Sources */ = {isa = PBXBuildFile; fileRef = 71FF428E1BEC5016006CADF1 /* BABAudioItem.m */; };
		71FF429A1BEC5016006CADF1 /* BABAudioPlayer.m in Sources */ = {isa = PBXBuildFile; fileRef = 71FF42901BEC5016006CADF1 /* BABAudioPlayer.m */; };
		71FF429B1BEC5016006CADF1 /* BABAudioPlaylist.m in Sources */ = {isa = PBXBuildFile; fileRef = 71FF42931BEC5016006CADF1 /* BABAudioPlaylist.m */; };
		71FF429C1BEC5016006CADF1 /* BABAudioUtilities.m in Sources */ = {isa = PBXBuildFile; fileRef = 71FF42981BEC5016006CADF1 /* BABAudioUtilities.m */; };
		71FF429F1BECAAB4006CADF1 /* AlbumTableViewCell.m in Sources */ = {isa = PBXBuildFile; fileRef = 71FF429E1BECAAB4006CADF1 /* AlbumTableViewCell.m */; };
		A7714CC21B6A621F00611808 /* PlayerViewController.m in Sources */ = {isa = PBXBuildFile; fileRef = A7714CC11B6A621F00611808 /* PlayerViewController.m */; };
		A79F45961B60D733008D8A4B /* main.m in Sources */ = {isa = PBXBuildFile; fileRef = A79F45951B60D733008D8A4B /* main.m */; };
		A79F45991B60D733008D8A4B /* AppDelegate.m in Sources */ = {isa = PBXBuildFile; fileRef = A79F45981B60D733008D8A4B /* AppDelegate.m */; };
		A79F45A41B60D733008D8A4B /* Images.xcassets in Resources */ = {isa = PBXBuildFile; fileRef = A79F45A31B60D733008D8A4B /* Images.xcassets */; };
		A79F45A71B60D733008D8A4B /* LaunchScreen.xib in Resources */ = {isa = PBXBuildFile; fileRef = A79F45A51B60D733008D8A4B /* LaunchScreen.xib */; };
		A79F45B31B60D733008D8A4B /* LoveMusicTests.m in Sources */ = {isa = PBXBuildFile; fileRef = A79F45B21B60D733008D8A4B /* LoveMusicTests.m */; };
		A79F45C91B60DA4E008D8A4B /* RecommendViewController.m in Sources */ = {isa = PBXBuildFile; fileRef = A79F45C81B60DA4E008D8A4B /* RecommendViewController.m */; };
		A79F45CC1B60DA71008D8A4B /* FoundViewController.m in Sources */ = {isa = PBXBuildFile; fileRef = A79F45CB1B60DA71008D8A4B /* FoundViewController.m */; };
		A79F45CF1B60DA84008D8A4B /* MeViewController.m in Sources */ = {isa = PBXBuildFile; fileRef = A79F45CE1B60DA84008D8A4B /* MeViewController.m */; };
		A7DA05BE1BA9206E00C55B89 /* AssistiveTouch.m in Sources */ = {isa = PBXBuildFile; fileRef = A7DA05B31BA9206E00C55B89 /* AssistiveTouch.m */; };
		A7DA05BF1BA9206E00C55B89 /* ChannelInfo.m in Sources */ = {isa = PBXBuildFile; fileRef = A7DA05B51BA9206E00C55B89 /* ChannelInfo.m */; };
		A7DA05C01BA9206E00C55B89 /* NetFm.m in Sources */ = {isa = PBXBuildFile; fileRef = A7DA05B71BA9206E00C55B89 /* NetFm.m */; };
		A7DA05C11BA9206E00C55B89 /* SongInfo.m in Sources */ = {isa = PBXBuildFile; fileRef = A7DA05B91BA9206E00C55B89 /* SongInfo.m */; };
		A7DA05C21BA9206E00C55B89 /* Tool.m in Sources */ = {isa = PBXBuildFile; fileRef = A7DA05BB1BA9206E00C55B89 /* Tool.m */; };
		A7DA05C31BA9206E00C55B89 /* UserInfo.m in Sources */ = {isa = PBXBuildFile; fileRef = A7DA05BD1BA9206E00C55B89 /* UserInfo.m */; };
		A7DA05C91BA920A200C55B89 /* YFInputBar.m in Sources */ = {isa = PBXBuildFile; fileRef = A7DA05C71BA920A200C55B89 /* YFInputBar.m */; };
		A7DA05CC1BA920B600C55B89 /* SongListModel.m in Sources */ = {isa = PBXBuildFile; fileRef = A7DA05CB1BA920B600C55B89 /* SongListModel.m */; };
/* End PBXBuildFile section */

/* Begin PBXContainerItemProxy section */
		A79F45AD1B60D733008D8A4B /* PBXContainerItemProxy */ = {
			isa = PBXContainerItemProxy;
			containerPortal = A79F45881B60D733008D8A4B /* Project object */;
			proxyType = 1;
			remoteGlobalIDString = A79F458F1B60D733008D8A4B;
			remoteInfo = LoveMusic;
		};
/* End PBXContainerItemProxy section */

/* Begin PBXFileReference section */
		127ED1B5ACAAF7BB044D228D /* Pods.release.xcconfig */ = {isa = PBXFileReference; includeInIndex = 1; lastKnownFileType = text.xcconfig; name = Pods.release.xcconfig; path = "Pods/Target Support Files/Pods/Pods.release.xcconfig"; sourceTree = "<group>"; };
		421CB365677CCA81C7469684 /* libPods.a */ = {isa = PBXFileReference; explicitFileType = archive.ar; includeInIndex = 0; path = libPods.a; sourceTree = BUILT_PRODUCTS_DIR; };
		4CC0C1F8255561FC77FE3909 /* Pods.debug.xcconfig */ = {isa = PBXFileReference; includeInIndex = 1; lastKnownFileType = text.xcconfig; name = Pods.debug.xcconfig; path = "Pods/Target Support Files/Pods/Pods.debug.xcconfig"; sourceTree = "<group>"; };
		711848F71BDDCF3100EB8382 /* BaseNavigationController.h */ = {isa = PBXFileReference; fileEncoding = 4; lastKnownFileType = sourcecode.c.h; name = BaseNavigationController.h; path = ViewController/BaseNavigationController.h; sourceTree = "<group>"; };
		711848F81BDDCF3100EB8382 /* BaseNavigationController.m */ = {isa = PBXFileReference; fileEncoding = 4; lastKnownFileType = sourcecode.c.objc; name = BaseNavigationController.m; path = ViewController/BaseNavigationController.m; sourceTree = "<group>"; };
		71221B351BF2ED1A0040BF2C /* HFStretchableTableHeaderView.h */ = {isa = PBXFileReference; fileEncoding = 4; lastKnownFileType = sourcecode.c.h; name = HFStretchableTableHeaderView.h; path = View/HFStretchableTableHeaderView.h; sourceTree = "<group>"; };
		71221B361BF2ED1A0040BF2C /* HFStretchableTableHeaderView.m */ = {isa = PBXFileReference; fileEncoding = 4; lastKnownFileType = sourcecode.c.objc; name = HFStretchableTableHeaderView.m; path = View/HFStretchableTableHeaderView.m; sourceTree = "<group>"; };
		71221B371BF2ED1A0040BF2C /* SlideDeleteCell.h */ = {isa = PBXFileReference; fileEncoding = 4; lastKnownFileType = sourcecode.c.h; name = SlideDeleteCell.h; path = View/SlideDeleteCell.h; sourceTree = "<group>"; };
		71221B381BF2ED1A0040BF2C /* SlideDeleteCell.m */ = {isa = PBXFileReference; fileEncoding = 4; lastKnownFileType = sourcecode.c.objc; name = SlideDeleteCell.m; path = View/SlideDeleteCell.m; sourceTree = "<group>"; };
		7124781A1BE3523D00FCC74A /* XHPaggingNavbar.h */ = {isa = PBXFileReference; fileEncoding = 4; lastKnownFileType = sourcecode.c.h; name = XHPaggingNavbar.h; path = Lib/Page/XHPaggingNavbar.h; sourceTree = "<group>"; };
		7124781B1BE3523D00FCC74A /* XHPaggingNavbar.m */ = {isa = PBXFileReference; fileEncoding = 4; lastKnownFileType = sourcecode.c.objc; name = XHPaggingNavbar.m; path = Lib/Page/XHPaggingNavbar.m; sourceTree = "<group>"; };
		7124781C1BE3523D00FCC74A /* XHTwitterPaggingViewer.h */ = {isa = PBXFileReference; fileEncoding = 4; lastKnownFileType = sourcecode.c.h; name = XHTwitterPaggingViewer.h; path = Lib/Page/XHTwitterPaggingViewer.h; sourceTree = "<group>"; };
		7124781D1BE3523D00FCC74A /* XHTwitterPaggingViewer.m */ = {isa = PBXFileReference; fileEncoding = 4; lastKnownFileType = sourcecode.c.objc; name = XHTwitterPaggingViewer.m; path = Lib/Page/XHTwitterPaggingViewer.m; sourceTree = "<group>"; };
		715043A01BEB07C700C00170 /* FWBaseDownload.h */ = {isa = PBXFileReference; fileEncoding = 4; lastKnownFileType = sourcecode.c.h; path = FWBaseDownload.h; sourceTree = "<group>"; };
		715043A11BEB07C700C00170 /* libSmtaranSDK.a */ = {isa = PBXFileReference; lastKnownFileType = archive.ar; path = libSmtaranSDK.a; sourceTree = "<group>"; };
		715043A21BEB07C700C00170 /* SmtaranBannerAd.h */ = {isa = PBXFileReference; fileEncoding = 4; lastKnownFileType = sourcecode.c.h; path = SmtaranBannerAd.h; sourceTree = "<group>"; };
		715043A31BEB07C700C00170 /* SmtaranFactoryAd.h */ = {isa = PBXFileReference; fileEncoding = 4; lastKnownFileType = sourcecode.c.h; path = SmtaranFactoryAd.h; sourceTree = "<group>"; };
		715043A41BEB07C700C00170 /* SmtaranInterstitialAd.h */ = {isa = PBXFileReference; fileEncoding = 4; lastKnownFileType = sourcecode.c.h; path = SmtaranInterstitialAd.h; sourceTree = "<group>"; };
		715043A51BEB07C700C00170 /* SmtaranNativeAd.h */ = {isa = PBXFileReference; fileEncoding = 4; lastKnownFileType = sourcecode.c.h; path = SmtaranNativeAd.h; sourceTree = "<group>"; };
		715043A61BEB07C700C00170 /* SmtaranSDKManager.h */ = {isa = PBXFileReference; fileEncoding = 4; lastKnownFileType = sourcecode.c.h; path = SmtaranSDKManager.h; sourceTree = "<group>"; };
		715043A71BEB07C700C00170 /* SmtaranSplashAd.h */ = {isa = PBXFileReference; fileEncoding = 4; lastKnownFileType = sourcecode.c.h; path = SmtaranSplashAd.h; sourceTree = "<group>"; };
		715043A81BEB07C700C00170 /* SmtaranSplashAd.m */ = {isa = PBXFileReference; fileEncoding = 4; lastKnownFileType = sourcecode.c.objc; path = SmtaranSplashAd.m; sourceTree = "<group>"; };
		715043AB1BEB07F300C00170 /* StoreKit.framework */ = {isa = PBXFileReference; lastKnownFileType = wrapper.framework; name = StoreKit.framework; path = System/Library/Frameworks/StoreKit.framework; sourceTree = SDKROOT; };
		715043AD1BEB07FB00C00170 /* JavaScriptCore.framework */ = {isa = PBXFileReference; lastKnownFileType = wrapper.framework; name = JavaScriptCore.framework; path = System/Library/Frameworks/JavaScriptCore.framework; sourceTree = SDKROOT; };
		715043AF1BEB080300C00170 /* CoreTelephony.framework */ = {isa = PBXFileReference; lastKnownFileType = wrapper.framework; name = CoreTelephony.framework; path = System/Library/Frameworks/CoreTelephony.framework; sourceTree = SDKROOT; };
		715043B11BEB080900C00170 /* AdSupport.framework */ = {isa = PBXFileReference; lastKnownFileType = wrapper.framework; name = AdSupport.framework; path = System/Library/Frameworks/AdSupport.framework; sourceTree = SDKROOT; };
		715043B31BEB081100C00170 /* CoreLocation.framework */ = {isa = PBXFileReference; lastKnownFileType = wrapper.framework; name = CoreLocation.framework; path = System/Library/Frameworks/CoreLocation.framework; sourceTree = SDKROOT; };
		715043B51BEB081C00C00170 /* SystemConfiguration.framework */ = {isa = PBXFileReference; lastKnownFileType = wrapper.framework; name = SystemConfiguration.framework; path = System/Library/Frameworks/SystemConfiguration.framework; sourceTree = SDKROOT; };
		715043D01BEB31A800C00170 /* SongModel.xcdatamodel */ = {isa = PBXFileReference; lastKnownFileType = wrapper.xcdatamodel; path = SongModel.xcdatamodel; sourceTree = "<group>"; };
		715043D91BEB40F300C00170 /* DownloadManager.h */ = {isa = PBXFileReference; fileEncoding = 4; lastKnownFileType = sourcecode.c.h; path = DownloadManager.h; sourceTree = "<group>"; };
		715043DA1BEB40F300C00170 /* DownloadManager.m */ = {isa = PBXFileReference; fileEncoding = 4; lastKnownFileType = sourcecode.c.objc; path = DownloadManager.m; sourceTree = "<group>"; };
		715043F21BEB48F600C00170 /* DownloadModel+CoreDataProperties.h */ = {isa = PBXFileReference; fileEncoding = 4; lastKnownFileType = sourcecode.c.h; name = "DownloadModel+CoreDataProperties.h"; path = "Model/DownloadModel+CoreDataProperties.h"; sourceTree = "<group>"; };
		715043F31BEB48F600C00170 /* DownloadModel+CoreDataProperties.m */ = {isa = PBXFileReference; fileEncoding = 4; lastKnownFileType = sourcecode.c.objc; name = "DownloadModel+CoreDataProperties.m"; path = "Model/DownloadModel+CoreDataProperties.m"; sourceTree = "<group>"; };
		715043F41BEB48F600C00170 /* DownloadModel.h */ = {isa = PBXFileReference; fileEncoding = 4; lastKnownFileType = sourcecode.c.h; name = DownloadModel.h; path = Model/DownloadModel.h; sourceTree = "<group>"; };
		715043F51BEB48F600C00170 /* DownloadModel.m */ = {isa = PBXFileReference; fileEncoding = 4; lastKnownFileType = sourcecode.c.objc; name = DownloadModel.m; path = Model/DownloadModel.m; sourceTree = "<group>"; };
		715043F81BEB5AE700C00170 /* DownloadManagerDelegate.h */ = {isa = PBXFileReference; fileEncoding = 4; lastKnownFileType = sourcecode.c.h; path = DownloadManagerDelegate.h; sourceTree = "<group>"; };
		71848F511BE314AB005BB1DF /* LoveMusic_Prefix.pch */ = {isa = PBXFileReference; fileEncoding = 4; lastKnownFileType = sourcecode.c.h; path = LoveMusic_Prefix.pch; sourceTree = "<group>"; };
		71CB4AB31BD77B6900F30D10 /* AboutViewController.h */ = {isa = PBXFileReference; fileEncoding = 4; lastKnownFileType = sourcecode.c.h; name = AboutViewController.h; path = ViewController/AboutViewController.h; sourceTree = "<group>"; };
		71CB4AB41BD77B6900F30D10 /* AboutViewController.m */ = {isa = PBXFileReference; fileEncoding = 4; lastKnownFileType = sourcecode.c.objc; name = AboutViewController.m; path = ViewController/AboutViewController.m; sourceTree = "<group>"; };
		71D8F9A81BD4A1A90092C0A0 /* RecommendSongListViewController.h */ = {isa = PBXFileReference; fileEncoding = 4; lastKnownFileType = sourcecode.c.h; name = RecommendSongListViewController.h; path = ViewController/RecommendSongListViewController.h; sourceTree = "<group>"; };
		71D8F9A91BD4A1A90092C0A0 /* RecommendSongListViewController.m */ = {isa = PBXFileReference; fileEncoding = 4; lastKnownFileType = sourcecode.c.objc; name = RecommendSongListViewController.m; path = ViewController/RecommendSongListViewController.m; sourceTree = "<group>"; };
		71D8F9AB1BD4A90B0092C0A0 /* PlayView.h */ = {isa = PBXFileReference; fileEncoding = 4; lastKnownFileType = sourcecode.c.h; name = PlayView.h; path = View/PlayView.h; sourceTree = "<group>"; };
		71D8F9AC1BD4A90B0092C0A0 /* PlayView.m */ = {isa = PBXFileReference; fileEncoding = 4; lastKnownFileType = sourcecode.c.objc; name = PlayView.m; path = View/PlayView.m; sourceTree = "<group>"; };
		71F05DD41BE75F0400DF7304 /* RecommendTableViewCell.h */ = {isa = PBXFileReference; fileEncoding = 4; lastKnownFileType = sourcecode.c.h; name = RecommendTableViewCell.h; path = View/RecommendTableViewCell.h; sourceTree = "<group>"; };
		71F05DD51BE75F0400DF7304 /* RecommendTableViewCell.m */ = {isa = PBXFileReference; fileEncoding = 4; lastKnownFileType = sourcecode.c.objc; name = RecommendTableViewCell.m; path = View/RecommendTableViewCell.m; sourceTree = "<group>"; };
		71F05DD71BE7659400DF7304 /* ClassViewController.h */ = {isa = PBXFileReference; fileEncoding = 4; lastKnownFileType = sourcecode.c.h; name = ClassViewController.h; path = ViewController/ClassViewController.h; sourceTree = "<group>"; };
		71F05DD81BE7659400DF7304 /* ClassViewController.m */ = {isa = PBXFileReference; fileEncoding = 4; lastKnownFileType = sourcecode.c.objc; name = ClassViewController.m; path = ViewController/ClassViewController.m; sourceTree = "<group>"; };
		71F05E061BE8923700DF7304 /* AlbumViewController.h */ = {isa = PBXFileReference; fileEncoding = 4; lastKnownFileType = sourcecode.c.h; name = AlbumViewController.h; path = ViewController/AlbumViewController.h; sourceTree = "<group>"; };
		71F05E071BE8923700DF7304 /* AlbumViewController.m */ = {isa = PBXFileReference; fileEncoding = 4; lastKnownFileType = sourcecode.c.objc; name = AlbumViewController.m; path = ViewController/AlbumViewController.m; sourceTree = "<group>"; };
		71F05E1F1BE8A10600DF7304 /* AlbumListViewController.h */ = {isa = PBXFileReference; fileEncoding = 4; lastKnownFileType = sourcecode.c.h; name = AlbumListViewController.h; path = ViewController/AlbumListViewController.h; sourceTree = "<group>"; };
		71F05E201BE8A10600DF7304 /* AlbumListViewController.m */ = {isa = PBXFileReference; fileEncoding = 4; lastKnownFileType = sourcecode.c.objc; name = AlbumListViewController.m; path = ViewController/AlbumListViewController.m; sourceTree = "<group>"; };
		71FF428D1BEC5016006CADF1 /* BABAudioItem.h */ = {isa = PBXFileReference; fileEncoding = 4; lastKnownFileType = sourcecode.c.h; path = BABAudioItem.h; sourceTree = "<group>"; };
		71FF428E1BEC5016006CADF1 /* BABAudioItem.m */ = {isa = PBXFileReference; fileEncoding = 4; lastKnownFileType = sourcecode.c.objc; path = BABAudioItem.m; sourceTree = "<group>"; };
		71FF428F1BEC5016006CADF1 /* BABAudioPlayer.h */ = {isa = PBXFileReference; fileEncoding = 4; lastKnownFileType = sourcecode.c.h; path = BABAudioPlayer.h; sourceTree = "<group>"; };
		71FF42901BEC5016006CADF1 /* BABAudioPlayer.m */ = {isa = PBXFileReference; fileEncoding = 4; lastKnownFileType = sourcecode.c.objc; path = BABAudioPlayer.m; sourceTree = "<group>"; };
		71FF42911BEC5016006CADF1 /* BABAudioPlayerDelegate.h */ = {isa = PBXFileReference; fileEncoding = 4; lastKnownFileType = sourcecode.c.h; path = BABAudioPlayerDelegate.h; sourceTree = "<group>"; };
		71FF42921BEC5016006CADF1 /* BABAudioPlaylist.h */ = {isa = PBXFileReference; fileEncoding = 4; lastKnownFileType = sourcecode.c.h; path = BABAudioPlaylist.h; sourceTree = "<group>"; };
		71FF42931BEC5016006CADF1 /* BABAudioPlaylist.m */ = {isa = PBXFileReference; fileEncoding = 4; lastKnownFileType = sourcecode.c.objc; path = BABAudioPlaylist.m; sourceTree = "<group>"; };
		71FF42951BEC5016006CADF1 /* BABCurrentTimeScrubber.h */ = {isa = PBXFileReference; fileEncoding = 4; lastKnownFileType = sourcecode.c.h; path = BABCurrentTimeScrubber.h; sourceTree = "<group>"; };
		71FF42971BEC5016006CADF1 /* BABAudioUtilities.h */ = {isa = PBXFileReference; fileEncoding = 4; lastKnownFileType = sourcecode.c.h; path = BABAudioUtilities.h; sourceTree = "<group>"; };
		71FF42981BEC5016006CADF1 /* BABAudioUtilities.m */ = {isa = PBXFileReference; fileEncoding = 4; lastKnownFileType = sourcecode.c.objc; path = BABAudioUtilities.m; sourceTree = "<group>"; };
		71FF429D1BECAAB4006CADF1 /* AlbumTableViewCell.h */ = {isa = PBXFileReference; fileEncoding = 4; lastKnownFileType = sourcecode.c.h; name = AlbumTableViewCell.h; path = View/AlbumTableViewCell.h; sourceTree = "<group>"; };
		71FF429E1BECAAB4006CADF1 /* AlbumTableViewCell.m */ = {isa = PBXFileReference; fileEncoding = 4; lastKnownFileType = sourcecode.c.objc; name = AlbumTableViewCell.m; path = View/AlbumTableViewCell.m; sourceTree = "<group>"; };
		A7714CC01B6A621F00611808 /* PlayerViewController.h */ = {isa = PBXFileReference; fileEncoding = 4; lastKnownFileType = sourcecode.c.h; name = PlayerViewController.h; path = ViewController/PlayerViewController.h; sourceTree = "<group>"; };
		A7714CC11B6A621F00611808 /* PlayerViewController.m */ = {isa = PBXFileReference; fileEncoding = 4; lastKnownFileType = sourcecode.c.objc; name = PlayerViewController.m; path = ViewController/PlayerViewController.m; sourceTree = "<group>"; };
		A79F45901B60D733008D8A4B /* LoveMusic.app */ = {isa = PBXFileReference; explicitFileType = wrapper.application; includeInIndex = 0; path = LoveMusic.app; sourceTree = BUILT_PRODUCTS_DIR; };
		A79F45941B60D733008D8A4B /* Info.plist */ = {isa = PBXFileReference; lastKnownFileType = text.plist.xml; path = Info.plist; sourceTree = "<group>"; };
		A79F45951B60D733008D8A4B /* main.m */ = {isa = PBXFileReference; lastKnownFileType = sourcecode.c.objc; path = main.m; sourceTree = "<group>"; };
		A79F45971B60D733008D8A4B /* AppDelegate.h */ = {isa = PBXFileReference; lastKnownFileType = sourcecode.c.h; path = AppDelegate.h; sourceTree = "<group>"; };
		A79F45981B60D733008D8A4B /* AppDelegate.m */ = {isa = PBXFileReference; lastKnownFileType = sourcecode.c.objc; path = AppDelegate.m; sourceTree = "<group>"; };
		A79F45A31B60D733008D8A4B /* Images.xcassets */ = {isa = PBXFileReference; lastKnownFileType = folder.assetcatalog; path = Images.xcassets; sourceTree = "<group>"; };
		A79F45A61B60D733008D8A4B /* Base */ = {isa = PBXFileReference; lastKnownFileType = file.xib; name = Base; path = Base.lproj/LaunchScreen.xib; sourceTree = "<group>"; };
		A79F45AC1B60D733008D8A4B /* LoveMusicTests.xctest */ = {isa = PBXFileReference; explicitFileType = wrapper.cfbundle; includeInIndex = 0; path = LoveMusicTests.xctest; sourceTree = BUILT_PRODUCTS_DIR; };
		A79F45B11B60D733008D8A4B /* Info.plist */ = {isa = PBXFileReference; lastKnownFileType = text.plist.xml; path = Info.plist; sourceTree = "<group>"; };
		A79F45B21B60D733008D8A4B /* LoveMusicTests.m */ = {isa = PBXFileReference; lastKnownFileType = sourcecode.c.objc; path = LoveMusicTests.m; sourceTree = "<group>"; };
		A79F45C71B60DA4E008D8A4B /* RecommendViewController.h */ = {isa = PBXFileReference; fileEncoding = 4; lastKnownFileType = sourcecode.c.h; name = RecommendViewController.h; path = ViewController/RecommendViewController.h; sourceTree = "<group>"; };
		A79F45C81B60DA4E008D8A4B /* RecommendViewController.m */ = {isa = PBXFileReference; fileEncoding = 4; lastKnownFileType = sourcecode.c.objc; name = RecommendViewController.m; path = ViewController/RecommendViewController.m; sourceTree = "<group>"; };
		A79F45CA1B60DA71008D8A4B /* FoundViewController.h */ = {isa = PBXFileReference; fileEncoding = 4; lastKnownFileType = sourcecode.c.h; name = FoundViewController.h; path = ViewController/FoundViewController.h; sourceTree = "<group>"; };
		A79F45CB1B60DA71008D8A4B /* FoundViewController.m */ = {isa = PBXFileReference; fileEncoding = 4; lastKnownFileType = sourcecode.c.objc; name = FoundViewController.m; path = ViewController/FoundViewController.m; sourceTree = "<group>"; };
		A79F45CD1B60DA84008D8A4B /* MeViewController.h */ = {isa = PBXFileReference; fileEncoding = 4; lastKnownFileType = sourcecode.c.h; name = MeViewController.h; path = ViewController/MeViewController.h; sourceTree = "<group>"; };
		A79F45CE1B60DA84008D8A4B /* MeViewController.m */ = {isa = PBXFileReference; fileEncoding = 4; lastKnownFileType = sourcecode.c.objc; name = MeViewController.m; path = ViewController/MeViewController.m; sourceTree = "<group>"; };
		A7DA05B21BA9206E00C55B89 /* AssistiveTouch.h */ = {isa = PBXFileReference; fileEncoding = 4; lastKnownFileType = sourcecode.c.h; name = AssistiveTouch.h; path = Model/AssistiveTouch.h; sourceTree = "<group>"; };
		A7DA05B31BA9206E00C55B89 /* AssistiveTouch.m */ = {isa = PBXFileReference; fileEncoding = 4; lastKnownFileType = sourcecode.c.objc; name = AssistiveTouch.m; path = Model/AssistiveTouch.m; sourceTree = "<group>"; };
		A7DA05B41BA9206E00C55B89 /* ChannelInfo.h */ = {isa = PBXFileReference; fileEncoding = 4; lastKnownFileType = sourcecode.c.h; name = ChannelInfo.h; path = Model/ChannelInfo.h; sourceTree = "<group>"; };
		A7DA05B51BA9206E00C55B89 /* ChannelInfo.m */ = {isa = PBXFileReference; fileEncoding = 4; lastKnownFileType = sourcecode.c.objc; name = ChannelInfo.m; path = Model/ChannelInfo.m; sourceTree = "<group>"; };
		A7DA05B61BA9206E00C55B89 /* NetFm.h */ = {isa = PBXFileReference; fileEncoding = 4; lastKnownFileType = sourcecode.c.h; name = NetFm.h; path = Model/NetFm.h; sourceTree = "<group>"; };
		A7DA05B71BA9206E00C55B89 /* NetFm.m */ = {isa = PBXFileReference; fileEncoding = 4; lastKnownFileType = sourcecode.c.objc; name = NetFm.m; path = Model/NetFm.m; sourceTree = "<group>"; };
		A7DA05B81BA9206E00C55B89 /* SongInfo.h */ = {isa = PBXFileReference; fileEncoding = 4; lastKnownFileType = sourcecode.c.h; name = SongInfo.h; path = Model/SongInfo.h; sourceTree = "<group>"; };
		A7DA05B91BA9206E00C55B89 /* SongInfo.m */ = {isa = PBXFileReference; fileEncoding = 4; lastKnownFileType = sourcecode.c.objc; name = SongInfo.m; path = Model/SongInfo.m; sourceTree = "<group>"; };
		A7DA05BA1BA9206E00C55B89 /* Tool.h */ = {isa = PBXFileReference; fileEncoding = 4; lastKnownFileType = sourcecode.c.h; name = Tool.h; path = Model/Tool.h; sourceTree = "<group>"; };
		A7DA05BB1BA9206E00C55B89 /* Tool.m */ = {isa = PBXFileReference; fileEncoding = 4; lastKnownFileType = sourcecode.c.objc; name = Tool.m; path = Model/Tool.m; sourceTree = "<group>"; };
		A7DA05BC1BA9206E00C55B89 /* UserInfo.h */ = {isa = PBXFileReference; fileEncoding = 4; lastKnownFileType = sourcecode.c.h; name = UserInfo.h; path = Model/UserInfo.h; sourceTree = "<group>"; };
		A7DA05BD1BA9206E00C55B89 /* UserInfo.m */ = {isa = PBXFileReference; fileEncoding = 4; lastKnownFileType = sourcecode.c.objc; name = UserInfo.m; path = Model/UserInfo.m; sourceTree = "<group>"; };
		A7DA05C61BA920A200C55B89 /* YFInputBar.h */ = {isa = PBXFileReference; fileEncoding = 4; lastKnownFileType = sourcecode.c.h; name = YFInputBar.h; path = View/YFInputBar.h; sourceTree = "<group>"; };
		A7DA05C71BA920A200C55B89 /* YFInputBar.m */ = {isa = PBXFileReference; fileEncoding = 4; lastKnownFileType = sourcecode.c.objc; name = YFInputBar.m; path = View/YFInputBar.m; sourceTree = "<group>"; };
		A7DA05CA1BA920B600C55B89 /* SongListModel.h */ = {isa = PBXFileReference; fileEncoding = 4; lastKnownFileType = sourcecode.c.h; name = SongListModel.h; path = Model/SongListModel.h; sourceTree = "<group>"; };
		A7DA05CB1BA920B600C55B89 /* SongListModel.m */ = {isa = PBXFileReference; fileEncoding = 4; lastKnownFileType = sourcecode.c.objc; name = SongListModel.m; path = Model/SongListModel.m; sourceTree = "<group>"; };
/* End PBXFileReference section */

/* Begin PBXFrameworksBuildPhase section */
		A79F458D1B60D733008D8A4B /* Frameworks */ = {
			isa = PBXFrameworksBuildPhase;
			buildActionMask = 2147483647;
			files = (
				715043B61BEB081C00C00170 /* SystemConfiguration.framework in Frameworks */,
				715043B41BEB081100C00170 /* CoreLocation.framework in Frameworks */,
				715043B21BEB080900C00170 /* AdSupport.framework in Frameworks */,
				715043B01BEB080300C00170 /* CoreTelephony.framework in Frameworks */,
				715043AE1BEB07FB00C00170 /* JavaScriptCore.framework in Frameworks */,
				715043AC1BEB07F300C00170 /* StoreKit.framework in Frameworks */,
				4FAF16DE29D05F9C737FAB9E /* libPods.a in Frameworks */,
				715043A91BEB07C700C00170 /* libSmtaranSDK.a in Frameworks */,
			);
			runOnlyForDeploymentPostprocessing = 0;
		};
		A79F45A91B60D733008D8A4B /* Frameworks */ = {
			isa = PBXFrameworksBuildPhase;
			buildActionMask = 2147483647;
			files = (
			);
			runOnlyForDeploymentPostprocessing = 0;
		};
/* End PBXFrameworksBuildPhase section */

/* Begin PBXGroup section */
		50C0BF5F2490AB4A8DEEE02D /* Pods */ = {
			isa = PBXGroup;
			children = (
				4CC0C1F8255561FC77FE3909 /* Pods.debug.xcconfig */,
				127ED1B5ACAAF7BB044D228D /* Pods.release.xcconfig */,
			);
			name = Pods;
			sourceTree = "<group>";
		};
		712478191BE3522E00FCC74A /* Page */ = {
			isa = PBXGroup;
			children = (
				7124781A1BE3523D00FCC74A /* XHPaggingNavbar.h */,
				7124781B1BE3523D00FCC74A /* XHPaggingNavbar.m */,
				7124781C1BE3523D00FCC74A /* XHTwitterPaggingViewer.h */,
				7124781D1BE3523D00FCC74A /* XHTwitterPaggingViewer.m */,
			);
			name = Page;
			sourceTree = "<group>";
		};
		7150439F1BEB07C700C00170 /* SmtaranSDK */ = {
			isa = PBXGroup;
			children = (
				715043A01BEB07C700C00170 /* FWBaseDownload.h */,
				715043A11BEB07C700C00170 /* libSmtaranSDK.a */,
				715043A21BEB07C700C00170 /* SmtaranBannerAd.h */,
				715043A31BEB07C700C00170 /* SmtaranFactoryAd.h */,
				715043A41BEB07C700C00170 /* SmtaranInterstitialAd.h */,
				715043A51BEB07C700C00170 /* SmtaranNativeAd.h */,
				715043A61BEB07C700C00170 /* SmtaranSDKManager.h */,
				715043A71BEB07C700C00170 /* SmtaranSplashAd.h */,
				715043A81BEB07C700C00170 /* SmtaranSplashAd.m */,
			);
			name = SmtaranSDK;
			path = Lib/SmtaranSDK;
			sourceTree = "<group>";
		};
		715043D81BEB40CB00C00170 /* DataManager */ = {
			isa = PBXGroup;
			children = (
				715043D91BEB40F300C00170 /* DownloadManager.h */,
				715043DA1BEB40F300C00170 /* DownloadManager.m */,
				715043F81BEB5AE700C00170 /* DownloadManagerDelegate.h */,
			);
			path = DataManager;
			sourceTree = "<group>";
		};
		71FF428C1BEC5016006CADF1 /* BAB */ = {
			isa = PBXGroup;
			children = (
				71FF428D1BEC5016006CADF1 /* BABAudioItem.h */,
				71FF428E1BEC5016006CADF1 /* BABAudioItem.m */,
				71FF428F1BEC5016006CADF1 /* BABAudioPlayer.h */,
				71FF42901BEC5016006CADF1 /* BABAudioPlayer.m */,
				71FF42911BEC5016006CADF1 /* BABAudioPlayerDelegate.h */,
				71FF42921BEC5016006CADF1 /* BABAudioPlaylist.h */,
				71FF42931BEC5016006CADF1 /* BABAudioPlaylist.m */,
				71FF42941BEC5016006CADF1 /* UI */,
				71FF42961BEC5016006CADF1 /* Utilities */,
			);
			name = BAB;
			path = Lib/BAB;
			sourceTree = "<group>";
		};
		71FF42941BEC5016006CADF1 /* UI */ = {
			isa = PBXGroup;
			children = (
				71FF42951BEC5016006CADF1 /* BABCurrentTimeScrubber.h */,
			);
			path = UI;
			sourceTree = "<group>";
		};
		71FF42961BEC5016006CADF1 /* Utilities */ = {
			isa = PBXGroup;
			children = (
				71FF42971BEC5016006CADF1 /* BABAudioUtilities.h */,
				71FF42981BEC5016006CADF1 /* BABAudioUtilities.m */,
			);
			path = Utilities;
			sourceTree = "<group>";
		};
		7578AEA90388BC587D355896 /* Frameworks */ = {
			isa = PBXGroup;
			children = (
				715043B51BEB081C00C00170 /* SystemConfiguration.framework */,
				715043B31BEB081100C00170 /* CoreLocation.framework */,
				715043B11BEB080900C00170 /* AdSupport.framework */,
				715043AF1BEB080300C00170 /* CoreTelephony.framework */,
				715043AD1BEB07FB00C00170 /* JavaScriptCore.framework */,
				715043AB1BEB07F300C00170 /* StoreKit.framework */,
				421CB365677CCA81C7469684 /* libPods.a */,
			);
			name = Frameworks;
			sourceTree = "<group>";
		};
		A7714CB31B6A0F0E00611808 /* Model */ = {
			isa = PBXGroup;
			children = (
				A7DA05B21BA9206E00C55B89 /* AssistiveTouch.h */,
				A7DA05B31BA9206E00C55B89 /* AssistiveTouch.m */,
				A7DA05B41BA9206E00C55B89 /* ChannelInfo.h */,
				A7DA05B51BA9206E00C55B89 /* ChannelInfo.m */,
				A7DA05B61BA9206E00C55B89 /* NetFm.h */,
				A7DA05B71BA9206E00C55B89 /* NetFm.m */,
				A7DA05B81BA9206E00C55B89 /* SongInfo.h */,
				A7DA05B91BA9206E00C55B89 /* SongInfo.m */,
				A7DA05BA1BA9206E00C55B89 /* Tool.h */,
				A7DA05BB1BA9206E00C55B89 /* Tool.m */,
				A7DA05BC1BA9206E00C55B89 /* UserInfo.h */,
				A7DA05BD1BA9206E00C55B89 /* UserInfo.m */,
				A7DA05CA1BA920B600C55B89 /* SongListModel.h */,
				A7DA05CB1BA920B600C55B89 /* SongListModel.m */,
				715043CF1BEB31A800C00170 /* SongModel.xcdatamodeld */,
				715043F21BEB48F600C00170 /* DownloadModel+CoreDataProperties.h */,
				715043F31BEB48F600C00170 /* DownloadModel+CoreDataProperties.m */,
				715043F41BEB48F600C00170 /* DownloadModel.h */,
				715043F51BEB48F600C00170 /* DownloadModel.m */,
			);
			name = Model;
			sourceTree = "<group>";
		};
		A7714CC31B6B12E700611808 /* Lib */ = {
			isa = PBXGroup;
			children = (
				71FF428C1BEC5016006CADF1 /* BAB */,
				7150439F1BEB07C700C00170 /* SmtaranSDK */,
				712478191BE3522E00FCC74A /* Page */,
			);
			name = Lib;
			sourceTree = "<group>";
		};
		A79F45871B60D733008D8A4B = {
			isa = PBXGroup;
			children = (
				A79F45921B60D733008D8A4B /* LoveMusic */,
				A79F45AF1B60D733008D8A4B /* LoveMusicTests */,
				A79F45911B60D733008D8A4B /* Products */,
				50C0BF5F2490AB4A8DEEE02D /* Pods */,
				7578AEA90388BC587D355896 /* Frameworks */,
			);
			sourceTree = "<group>";
		};
		A79F45911B60D733008D8A4B /* Products */ = {
			isa = PBXGroup;
			children = (
				A79F45901B60D733008D8A4B /* LoveMusic.app */,
				A79F45AC1B60D733008D8A4B /* LoveMusicTests.xctest */,
			);
			name = Products;
			sourceTree = "<group>";
		};
		A79F45921B60D733008D8A4B /* LoveMusic */ = {
			isa = PBXGroup;
			children = (
				715043D81BEB40CB00C00170 /* DataManager */,
				A7714CC31B6B12E700611808 /* Lib */,
				A7714CB31B6A0F0E00611808 /* Model */,
				A79F45C61B60DA21008D8A4B /* ViewController */,
				A79F45C41B60DA12008D8A4B /* View */,
				A79F45971B60D733008D8A4B /* AppDelegate.h */,
				A79F45981B60D733008D8A4B /* AppDelegate.m */,
				A79F45A31B60D733008D8A4B /* Images.xcassets */,
				A79F45A51B60D733008D8A4B /* LaunchScreen.xib */,
				A79F45931B60D733008D8A4B /* Supporting Files */,
			);
			path = LoveMusic;
			sourceTree = "<group>";
		};
		A79F45931B60D733008D8A4B /* Supporting Files */ = {
			isa = PBXGroup;
			children = (
				A79F45941B60D733008D8A4B /* Info.plist */,
				A79F45951B60D733008D8A4B /* main.m */,
				71848F511BE314AB005BB1DF /* LoveMusic_Prefix.pch */,
			);
			name = "Supporting Files";
			sourceTree = "<group>";
		};
		A79F45AF1B60D733008D8A4B /* LoveMusicTests */ = {
			isa = PBXGroup;
			children = (
				A79F45B21B60D733008D8A4B /* LoveMusicTests.m */,
				A79F45B01B60D733008D8A4B /* Supporting Files */,
			);
			path = LoveMusicTests;
			sourceTree = "<group>";
		};
		A79F45B01B60D733008D8A4B /* Supporting Files */ = {
			isa = PBXGroup;
			children = (
				A79F45B11B60D733008D8A4B /* Info.plist */,
			);
			name = "Supporting Files";
			sourceTree = "<group>";
		};
		A79F45C41B60DA12008D8A4B /* View */ = {
			isa = PBXGroup;
			children = (
				71221B351BF2ED1A0040BF2C /* HFStretchableTableHeaderView.h */,
				71221B361BF2ED1A0040BF2C /* HFStretchableTableHeaderView.m */,
				71221B371BF2ED1A0040BF2C /* SlideDeleteCell.h */,
				71221B381BF2ED1A0040BF2C /* SlideDeleteCell.m */,
				A7DA05C61BA920A200C55B89 /* YFInputBar.h */,
				A7DA05C71BA920A200C55B89 /* YFInputBar.m */,
				71D8F9AB1BD4A90B0092C0A0 /* PlayView.h */,
				71D8F9AC1BD4A90B0092C0A0 /* PlayView.m */,
				71F05DD41BE75F0400DF7304 /* RecommendTableViewCell.h */,
				71F05DD51BE75F0400DF7304 /* RecommendTableViewCell.m */,
				71FF429D1BECAAB4006CADF1 /* AlbumTableViewCell.h */,
				71FF429E1BECAAB4006CADF1 /* AlbumTableViewCell.m */,
			);
			name = View;
			sourceTree = "<group>";
		};
		A79F45C61B60DA21008D8A4B /* ViewController */ = {
			isa = PBXGroup;
			children = (
				A79F45C71B60DA4E008D8A4B /* RecommendViewController.h */,
				A79F45C81B60DA4E008D8A4B /* RecommendViewController.m */,
				A79F45CA1B60DA71008D8A4B /* FoundViewController.h */,
				A79F45CB1B60DA71008D8A4B /* FoundViewController.m */,
				A79F45CD1B60DA84008D8A4B /* MeViewController.h */,
				A79F45CE1B60DA84008D8A4B /* MeViewController.m */,
				A7714CC01B6A621F00611808 /* PlayerViewController.h */,
				A7714CC11B6A621F00611808 /* PlayerViewController.m */,
				71D8F9A81BD4A1A90092C0A0 /* RecommendSongListViewController.h */,
				71D8F9A91BD4A1A90092C0A0 /* RecommendSongListViewController.m */,
				71CB4AB31BD77B6900F30D10 /* AboutViewController.h */,
				71CB4AB41BD77B6900F30D10 /* AboutViewController.m */,
				711848F71BDDCF3100EB8382 /* BaseNavigationController.h */,
				711848F81BDDCF3100EB8382 /* BaseNavigationController.m */,
				71F05DD71BE7659400DF7304 /* ClassViewController.h */,
				71F05DD81BE7659400DF7304 /* ClassViewController.m */,
				71F05E061BE8923700DF7304 /* AlbumViewController.h */,
				71F05E071BE8923700DF7304 /* AlbumViewController.m */,
				71F05E1F1BE8A10600DF7304 /* AlbumListViewController.h */,
				71F05E201BE8A10600DF7304 /* AlbumListViewController.m */,
			);
			name = ViewController;
			sourceTree = "<group>";
		};
/* End PBXGroup section */

/* Begin PBXNativeTarget section */
		A79F458F1B60D733008D8A4B /* LoveMusic */ = {
			isa = PBXNativeTarget;
			buildConfigurationList = A79F45B61B60D733008D8A4B /* Build configuration list for PBXNativeTarget "LoveMusic" */;
			buildPhases = (
				E20A4281ED71B7F4837E50C9 /* Check Pods Manifest.lock */,
				A79F458C1B60D733008D8A4B /* Sources */,
				A79F458D1B60D733008D8A4B /* Frameworks */,
				A79F458E1B60D733008D8A4B /* Resources */,
				7B8F85802499957D0FC87D1B /* Copy Pods Resources */,
				75BFCF1FE4F777E82FA355EA /* Embed Pods Frameworks */,
			);
			buildRules = (
			);
			dependencies = (
			);
			name = LoveMusic;
			productName = LoveMusic;
			productReference = A79F45901B60D733008D8A4B /* LoveMusic.app */;
			productType = "com.apple.product-type.application";
		};
		A79F45AB1B60D733008D8A4B /* LoveMusicTests */ = {
			isa = PBXNativeTarget;
			buildConfigurationList = A79F45B91B60D733008D8A4B /* Build configuration list for PBXNativeTarget "LoveMusicTests" */;
			buildPhases = (
				A79F45A81B60D733008D8A4B /* Sources */,
				A79F45A91B60D733008D8A4B /* Frameworks */,
				A79F45AA1B60D733008D8A4B /* Resources */,
			);
			buildRules = (
			);
			dependencies = (
				A79F45AE1B60D733008D8A4B /* PBXTargetDependency */,
			);
			name = LoveMusicTests;
			productName = LoveMusicTests;
			productReference = A79F45AC1B60D733008D8A4B /* LoveMusicTests.xctest */;
			productType = "com.apple.product-type.bundle.unit-test";
		};
/* End PBXNativeTarget section */

/* Begin PBXProject section */
		A79F45881B60D733008D8A4B /* Project object */ = {
			isa = PBXProject;
			attributes = {
				LastUpgradeCheck = 0710;
				ORGANIZATIONNAME = xiaocui;
				TargetAttributes = {
					A79F458F1B60D733008D8A4B = {
						CreatedOnToolsVersion = 6.4;
						DevelopmentTeam = D3Q94XSJH5;
					};
					A79F45AB1B60D733008D8A4B = {
						CreatedOnToolsVersion = 6.4;
						TestTargetID = A79F458F1B60D733008D8A4B;
					};
				};
			};
			buildConfigurationList = A79F458B1B60D733008D8A4B /* Build configuration list for PBXProject "LoveMusic" */;
			compatibilityVersion = "Xcode 3.2";
			developmentRegion = English;
			hasScannedForEncodings = 0;
			knownRegions = (
				en,
				Base,
			);
			mainGroup = A79F45871B60D733008D8A4B;
			productRefGroup = A79F45911B60D733008D8A4B /* Products */;
			projectDirPath = "";
			projectRoot = "";
			targets = (
				A79F458F1B60D733008D8A4B /* LoveMusic */,
				A79F45AB1B60D733008D8A4B /* LoveMusicTests */,
			);
		};
/* End PBXProject section */

/* Begin PBXResourcesBuildPhase section */
		A79F458E1B60D733008D8A4B /* Resources */ = {
			isa = PBXResourcesBuildPhase;
			buildActionMask = 2147483647;
			files = (
				A79F45A71B60D733008D8A4B /* LaunchScreen.xib in Resources */,
				A79F45A41B60D733008D8A4B /* Images.xcassets in Resources */,
			);
			runOnlyForDeploymentPostprocessing = 0;
		};
		A79F45AA1B60D733008D8A4B /* Resources */ = {
			isa = PBXResourcesBuildPhase;
			buildActionMask = 2147483647;
			files = (
			);
			runOnlyForDeploymentPostprocessing = 0;
		};
/* End PBXResourcesBuildPhase section */

/* Begin PBXShellScriptBuildPhase section */
		75BFCF1FE4F777E82FA355EA /* Embed Pods Frameworks */ = {
			isa = PBXShellScriptBuildPhase;
			buildActionMask = 2147483647;
			files = (
			);
			inputPaths = (
			);
			name = "Embed Pods Frameworks";
			outputPaths = (
			);
			runOnlyForDeploymentPostprocessing = 0;
			shellPath = /bin/sh;
			shellScript = "\"${SRCROOT}/Pods/Target Support Files/Pods/Pods-frameworks.sh\"\n";
			showEnvVarsInLog = 0;
		};
		7B8F85802499957D0FC87D1B /* Copy Pods Resources */ = {
			isa = PBXShellScriptBuildPhase;
			buildActionMask = 2147483647;
			files = (
			);
			inputPaths = (
			);
			name = "Copy Pods Resources";
			outputPaths = (
			);
			runOnlyForDeploymentPostprocessing = 0;
			shellPath = /bin/sh;
			shellScript = "\"${SRCROOT}/Pods/Target Support Files/Pods/Pods-resources.sh\"\n";
			showEnvVarsInLog = 0;
		};
		E20A4281ED71B7F4837E50C9 /* Check Pods Manifest.lock */ = {
			isa = PBXShellScriptBuildPhase;
			buildActionMask = 2147483647;
			files = (
			);
			inputPaths = (
			);
			name = "Check Pods Manifest.lock";
			outputPaths = (
			);
			runOnlyForDeploymentPostprocessing = 0;
			shellPath = /bin/sh;
			shellScript = "diff \"${PODS_ROOT}/../Podfile.lock\" \"${PODS_ROOT}/Manifest.lock\" > /dev/null\nif [[ $? != 0 ]] ; then\n    cat << EOM\nerror: The sandbox is not in sync with the Podfile.lock. Run 'pod install' or update your CocoaPods installation.\nEOM\n    exit 1\nfi\n";
			showEnvVarsInLog = 0;
		};
/* End PBXShellScriptBuildPhase section */

/* Begin PBXSourcesBuildPhase section */
		A79F458C1B60D733008D8A4B /* Sources */ = {
			isa = PBXSourcesBuildPhase;
			buildActionMask = 2147483647;
			files = (
				A7DA05CC1BA920B600C55B89 /* SongListModel.m in Sources */,
				71F05DD91BE7659400DF7304 /* ClassViewController.m in Sources */,
				A7DA05C91BA920A200C55B89 /* YFInputBar.m in Sources */,
				715043AA1BEB07C700C00170 /* SmtaranSplashAd.m in Sources */,
				A7DA05C21BA9206E00C55B89 /* Tool.m in Sources */,
				7124781F1BE3523D00FCC74A /* XHTwitterPaggingViewer.m in Sources */,
				715043DB1BEB40F300C00170 /* DownloadManager.m in Sources */,
				A79F45991B60D733008D8A4B /* AppDelegate.m in Sources */,
				A7DA05BE1BA9206E00C55B89 /* AssistiveTouch.m in Sources */,
				A7DA05C01BA9206E00C55B89 /* NetFm.m in Sources */,
				71F05E211BE8A10600DF7304 /* AlbumListViewController.m in Sources */,
				71221B391BF2ED1A0040BF2C /* HFStretchableTableHeaderView.m in Sources */,
				71221B3A1BF2ED1A0040BF2C /* SlideDeleteCell.m in Sources */,
				71CB4AB51BD77B6900F30D10 /* AboutViewController.m in Sources */,
				A7DA05BF1BA9206E00C55B89 /* ChannelInfo.m in Sources */,
				715043F61BEB48F600C00170 /* DownloadModel+CoreDataProperties.m in Sources */,
				71FF429C1BEC5016006CADF1 /* BABAudioUtilities.m in Sources */,
				71FF429A1BEC5016006CADF1 /* BABAudioPlayer.m in Sources */,
				715043F71BEB48F600C00170 /* DownloadModel.m in Sources */,
				71D8F9AA1BD4A1A90092C0A0 /* RecommendSongListViewController.m in Sources */,
				71F05DD61BE75F0400DF7304 /* RecommendTableViewCell.m in Sources */,
				71FF42991BEC5016006CADF1 /* BABAudioItem.m in Sources */,
				715043D11BEB31A800C00170 /* SongModel.xcdatamodeld in Sources */,
				A7DA05C31BA9206E00C55B89 /* UserInfo.m in Sources */,
				A79F45961B60D733008D8A4B /* main.m in Sources */,
				71FF429F1BECAAB4006CADF1 /* AlbumTableViewCell.m in Sources */,
				71FF429B1BEC5016006CADF1 /* BABAudioPlaylist.m in Sources */,
				A79F45C91B60DA4E008D8A4B /* RecommendViewController.m in Sources */,
				711848F91BDDCF3100EB8382 /* BaseNavigationController.m in Sources */,
				A7DA05C11BA9206E00C55B89 /* SongInfo.m in Sources */,
				7124781E1BE3523D00FCC74A /* XHPaggingNavbar.m in Sources */,
				A79F45CC1B60DA71008D8A4B /* FoundViewController.m in Sources */,
				71F05E081BE8923700DF7304 /* AlbumViewController.m in Sources */,
				A79F45CF1B60DA84008D8A4B /* MeViewController.m in Sources */,
				71D8F9AD1BD4A90B0092C0A0 /* PlayView.m in Sources */,
				A7714CC21B6A621F00611808 /* PlayerViewController.m in Sources */,
			);
			runOnlyForDeploymentPostprocessing = 0;
		};
		A79F45A81B60D733008D8A4B /* Sources */ = {
			isa = PBXSourcesBuildPhase;
			buildActionMask = 2147483647;
			files = (
				A79F45B31B60D733008D8A4B /* LoveMusicTests.m in Sources */,
			);
			runOnlyForDeploymentPostprocessing = 0;
		};
/* End PBXSourcesBuildPhase section */

/* Begin PBXTargetDependency section */
		A79F45AE1B60D733008D8A4B /* PBXTargetDependency */ = {
			isa = PBXTargetDependency;
			target = A79F458F1B60D733008D8A4B /* LoveMusic */;
			targetProxy = A79F45AD1B60D733008D8A4B /* PBXContainerItemProxy */;
		};
/* End PBXTargetDependency section */

/* Begin PBXVariantGroup section */
		A79F45A51B60D733008D8A4B /* LaunchScreen.xib */ = {
			isa = PBXVariantGroup;
			children = (
				A79F45A61B60D733008D8A4B /* Base */,
			);
			name = LaunchScreen.xib;
			sourceTree = "<group>";
		};
/* End PBXVariantGroup section */

/* Begin XCBuildConfiguration section */
		A79F45B41B60D733008D8A4B /* Debug */ = {
			isa = XCBuildConfiguration;
			buildSettings = {
				ALWAYS_SEARCH_USER_PATHS = NO;
				CLANG_CXX_LANGUAGE_STANDARD = "gnu++0x";
				CLANG_CXX_LIBRARY = "libc++";
				CLANG_ENABLE_MODULES = YES;
				CLANG_ENABLE_OBJC_ARC = YES;
				CLANG_WARN_BOOL_CONVERSION = YES;
				CLANG_WARN_CONSTANT_CONVERSION = YES;
				CLANG_WARN_DIRECT_OBJC_ISA_USAGE = YES_ERROR;
				CLANG_WARN_EMPTY_BODY = YES;
				CLANG_WARN_ENUM_CONVERSION = YES;
				CLANG_WARN_INT_CONVERSION = YES;
				CLANG_WARN_OBJC_ROOT_CLASS = YES_ERROR;
				CLANG_WARN_UNREACHABLE_CODE = YES;
				CLANG_WARN__DUPLICATE_METHOD_MATCH = YES;
				"CODE_SIGN_IDENTITY[sdk=iphoneos*]" = "iPhone Developer";
				COPY_PHASE_STRIP = NO;
				DEBUG_INFORMATION_FORMAT = "dwarf-with-dsym";
				ENABLE_STRICT_OBJC_MSGSEND = YES;
				ENABLE_TESTABILITY = YES;
				GCC_C_LANGUAGE_STANDARD = gnu99;
				GCC_DYNAMIC_NO_PIC = NO;
				GCC_NO_COMMON_BLOCKS = YES;
				GCC_OPTIMIZATION_LEVEL = 0;
				GCC_PREPROCESSOR_DEFINITIONS = (
					"DEBUG=1",
					"$(inherited)",
				);
				GCC_SYMBOLS_PRIVATE_EXTERN = NO;
				GCC_WARN_64_TO_32_BIT_CONVERSION = YES;
				GCC_WARN_ABOUT_RETURN_TYPE = YES_ERROR;
				GCC_WARN_UNDECLARED_SELECTOR = YES;
				GCC_WARN_UNINITIALIZED_AUTOS = YES_AGGRESSIVE;
				GCC_WARN_UNUSED_FUNCTION = YES;
				GCC_WARN_UNUSED_VARIABLE = YES;
				IPHONEOS_DEPLOYMENT_TARGET = 8.4;
				MTL_ENABLE_DEBUG_INFO = YES;
				ONLY_ACTIVE_ARCH = YES;
				SDKROOT = iphoneos;
				TARGETED_DEVICE_FAMILY = "1,2";
			};
			name = Debug;
		};
		A79F45B51B60D733008D8A4B /* Release */ = {
			isa = XCBuildConfiguration;
			buildSettings = {
				ALWAYS_SEARCH_USER_PATHS = NO;
				CLANG_CXX_LANGUAGE_STANDARD = "gnu++0x";
				CLANG_CXX_LIBRARY = "libc++";
				CLANG_ENABLE_MODULES = YES;
				CLANG_ENABLE_OBJC_ARC = YES;
				CLANG_WARN_BOOL_CONVERSION = YES;
				CLANG_WARN_CONSTANT_CONVERSION = YES;
				CLANG_WARN_DIRECT_OBJC_ISA_USAGE = YES_ERROR;
				CLANG_WARN_EMPTY_BODY = YES;
				CLANG_WARN_ENUM_CONVERSION = YES;
				CLANG_WARN_INT_CONVERSION = YES;
				CLANG_WARN_OBJC_ROOT_CLASS = YES_ERROR;
				CLANG_WARN_UNREACHABLE_CODE = YES;
				CLANG_WARN__DUPLICATE_METHOD_MATCH = YES;
				"CODE_SIGN_IDENTITY[sdk=iphoneos*]" = "iPhone Developer";
				COPY_PHASE_STRIP = NO;
				DEBUG_INFORMATION_FORMAT = "dwarf-with-dsym";
				ENABLE_NS_ASSERTIONS = NO;
				ENABLE_STRICT_OBJC_MSGSEND = YES;
				GCC_C_LANGUAGE_STANDARD = gnu99;
				GCC_NO_COMMON_BLOCKS = YES;
				GCC_WARN_64_TO_32_BIT_CONVERSION = YES;
				GCC_WARN_ABOUT_RETURN_TYPE = YES_ERROR;
				GCC_WARN_UNDECLARED_SELECTOR = YES;
				GCC_WARN_UNINITIALIZED_AUTOS = YES_AGGRESSIVE;
				GCC_WARN_UNUSED_FUNCTION = YES;
				GCC_WARN_UNUSED_VARIABLE = YES;
				IPHONEOS_DEPLOYMENT_TARGET = 8.4;
				MTL_ENABLE_DEBUG_INFO = NO;
				SDKROOT = iphoneos;
				TARGETED_DEVICE_FAMILY = "1,2";
				VALIDATE_PRODUCT = YES;
			};
			name = Release;
		};
		A79F45B71B60D733008D8A4B /* Debug */ = {
			isa = XCBuildConfiguration;
			baseConfigurationReference = 4CC0C1F8255561FC77FE3909 /* Pods.debug.xcconfig */;
			buildSettings = {
				ASSETCATALOG_COMPILER_APPICON_NAME = AppIcon;
				ASSETCATALOG_COMPILER_LAUNCHIMAGE_NAME = LaunchImage;
				CODE_SIGN_IDENTITY = "iPhone Developer";
				GCC_PREFIX_HEADER = "$(SRCROOT)/LoveMusic/LoveMusic_Prefix.pch";
				INFOPLIST_FILE = LoveMusic/Info.plist;
				IPHONEOS_DEPLOYMENT_TARGET = 8.0;
				LD_RUNPATH_SEARCH_PATHS = "$(inherited) @executable_path/Frameworks";
				LIBRARY_SEARCH_PATHS = (
					"$(inherited)",
					"$(PROJECT_DIR)/LoveMusic/Lib/SmtaranSDK",
				);
				PRODUCT_BUNDLE_IDENTIFIER = "com.xiaocui.$(PRODUCT_NAME:rfc1034identifier)";
				PRODUCT_NAME = "$(TARGET_NAME)";
				TARGETED_DEVICE_FAMILY = 1;
			};
			name = Debug;
		};
		A79F45B81B60D733008D8A4B /* Release */ = {
			isa = XCBuildConfiguration;
			baseConfigurationReference = 127ED1B5ACAAF7BB044D228D /* Pods.release.xcconfig */;
			buildSettings = {
				ASSETCATALOG_COMPILER_APPICON_NAME = AppIcon;
				ASSETCATALOG_COMPILER_LAUNCHIMAGE_NAME = LaunchImage;
				CODE_SIGN_IDENTITY = "iPhone Developer";
				GCC_PREFIX_HEADER = "$(SRCROOT)/LoveMusic/LoveMusic_Prefix.pch";
				INFOPLIST_FILE = LoveMusic/Info.plist;
				IPHONEOS_DEPLOYMENT_TARGET = 8.0;
				LD_RUNPATH_SEARCH_PATHS = "$(inherited) @executable_path/Frameworks";
				LIBRARY_SEARCH_PATHS = (
					"$(inherited)",
					"$(PROJECT_DIR)/LoveMusic/Lib/SmtaranSDK",
				);
				PRODUCT_BUNDLE_IDENTIFIER = "com.xiaocui.$(PRODUCT_NAME:rfc1034identifier)";
				PRODUCT_NAME = "$(TARGET_NAME)";
				TARGETED_DEVICE_FAMILY = 1;
			};
			name = Release;
		};
		A79F45BA1B60D733008D8A4B /* Debug */ = {
			isa = XCBuildConfiguration;
			buildSettings = {
				BUNDLE_LOADER = "$(TEST_HOST)";
				FRAMEWORK_SEARCH_PATHS = (
					"$(SDKROOT)/Developer/Library/Frameworks",
					"$(inherited)",
				);
				GCC_PREPROCESSOR_DEFINITIONS = (
					"DEBUG=1",
					"$(inherited)",
				);
				INFOPLIST_FILE = LoveMusicTests/Info.plist;
				LD_RUNPATH_SEARCH_PATHS = "$(inherited) @executable_path/Frameworks @loader_path/Frameworks";
				PRODUCT_BUNDLE_IDENTIFIER = "com.xiaocui.$(PRODUCT_NAME:rfc1034identifier)";
				PRODUCT_NAME = "$(TARGET_NAME)";
				TEST_HOST = "$(BUILT_PRODUCTS_DIR)/LoveMusic.app/LoveMusic";
			};
			name = Debug;
		};
		A79F45BB1B60D733008D8A4B /* Release */ = {
			isa = XCBuildConfiguration;
			buildSettings = {
				BUNDLE_LOADER = "$(TEST_HOST)";
				FRAMEWORK_SEARCH_PATHS = (
					"$(SDKROOT)/Developer/Library/Frameworks",
					"$(inherited)",
				);
				INFOPLIST_FILE = LoveMusicTests/Info.plist;
				LD_RUNPATH_SEARCH_PATHS = "$(inherited) @executable_path/Frameworks @loader_path/Frameworks";
				PRODUCT_BUNDLE_IDENTIFIER = "com.xiaocui.$(PRODUCT_NAME:rfc1034identifier)";
				PRODUCT_NAME = "$(TARGET_NAME)";
				TEST_HOST = "$(BUILT_PRODUCTS_DIR)/LoveMusic.app/LoveMusic";
			};
			name = Release;
		};
/* End XCBuildConfiguration section */

/* Begin XCConfigurationList section */
		A79F458B1B60D733008D8A4B /* Build configuration list for PBXProject "LoveMusic" */ = {
			isa = XCConfigurationList;
			buildConfigurations = (
				A79F45B41B60D733008D8A4B /* Debug */,
				A79F45B51B60D733008D8A4B /* Release */,
			);
			defaultConfigurationIsVisible = 0;
			defaultConfigurationName = Release;
		};
		A79F45B61B60D733008D8A4B /* Build configuration list for PBXNativeTarget "LoveMusic" */ = {
			isa = XCConfigurationList;
			buildConfigurations = (
				A79F45B71B60D733008D8A4B /* Debug */,
				A79F45B81B60D733008D8A4B /* Release */,
			);
			defaultConfigurationIsVisible = 0;
			defaultConfigurationName = Release;
		};
		A79F45B91B60D733008D8A4B /* Build configuration list for PBXNativeTarget "LoveMusicTests" */ = {
			isa = XCConfigurationList;
			buildConfigurations = (
				A79F45BA1B60D733008D8A4B /* Debug */,
				A79F45BB1B60D733008D8A4B /* Release */,
			);
			defaultConfigurationIsVisible = 0;
			defaultConfigurationName = Release;
		};
/* End XCConfigurationList section */

/* Begin XCVersionGroup section */
		715043CF1BEB31A800C00170 /* SongModel.xcdatamodeld */ = {
			isa = XCVersionGroup;
			children = (
				715043D01BEB31A800C00170 /* SongModel.xcdatamodel */,
			);
			currentVersion = 715043D01BEB31A800C00170 /* SongModel.xcdatamodel */;
			path = SongModel.xcdatamodeld;
			sourceTree = "<group>";
			versionGroupType = wrapper.xcdatamodel;
		};
/* End XCVersionGroup section */
	};
	rootObject = A79F45881B60D733008D8A4B /* Project object */;
}
